
Microsoft Visual Studio Solution File, Format Version 12.00
# Visual Studio Version 16
VisualStudioVersion = 16.0.30406.217
MinimumVisualStudioVersion = 10.0.40219.1
Project("{FAE04EC0-301F-11D3-BF4B-00C04F79EFBC}") = "PrintHelloAndYourName", "PrintHelloAndYourName\PrintHelloAndYourName.csproj", "{D460D166-B0E6-4867-BE9F-92591A32FF63}"
EndProject
Project("{FAE04EC0-301F-11D3-BF4B-00C04F79EFBC}") = "PrintTheSumOfTwoNumbers", "PrintTheSumOfTwoNumbers\PrintTheSumOfTwoNumbers.csproj", "{24AECA80-6104-4DE6-B631-00BFA0F42584}"
EndProject
Project("{FAE04EC0-301F-11D3-BF4B-00C04F79EFBC}") = "printTheResultOfDividingTwoNumbers", "printTheResultOfDividingTwoNumbers\printTheResultOfDividingTwoNumbers.csproj", "{DA3CE4D0-D56D-4583-BD6C-598638696910}"
EndProject
Project("{FAE04EC0-301F-11D3-BF4B-00C04F79EFBC}") = "printTheResult", "printTheResult\printTheResult.csproj", "{03C730BC-FE10-4E25-9998-722E8B43942E}"
EndProject
Global
	GlobalSection(SolutionConfigurationPlatforms) = preSolution
		Debug|Any CPU = Debug|Any CPU
		Release|Any CPU = Release|Any CPU
	EndGlobalSection
	GlobalSection(ProjectConfigurationPlatforms) = postSolution
		{D460D166-B0E6-4867-BE9F-92591A32FF63}.Debug|Any CPU.ActiveCfg = Debug|Any CPU
		{D460D166-B0E6-4867-BE9F-92591A32FF63}.Debug|Any CPU.Build.0 = Debug|Any CPU
		{D460D166-B0E6-4867-BE9F-92591A32FF63}.Release|Any CPU.ActiveCfg = Release|Any CPU
		{D460D166-B0E6-4867-BE9F-92591A32FF63}.Release|Any CPU.Build.0 = Release|Any CPU
		{24AECA80-6104-4DE6-B631-00BFA0F42584}.Debug|Any CPU.ActiveCfg = Debug|Any CPU
		{24AECA80-6104-4DE6-B631-00BFA0F42584}.Debug|Any CPU.Build.0 = Debug|Any CPU
		{24AECA80-6104-4DE6-B631-00BFA0F42584}.Release|Any CPU.ActiveCfg = Release|Any CPU
		{24AECA80-6104-4DE6-B631-00BFA0F42584}.Release|Any CPU.Build.0 = Release|Any CPU
		{DA3CE4D0-D56D-4583-BD6C-598638696910}.Debug|Any CPU.ActiveCfg = Debug|Any CPU
		{DA3CE4D0-D56D-4583-BD6C-598638696910}.Debug|Any CPU.Build.0 = Debug|Any CPU
		{DA3CE4D0-D56D-4583-BD6C-598638696910}.Release|Any CPU.ActiveCfg = Release|Any CPU
		{DA3CE4D0-D56D-4583-BD6C-598638696910}.Release|Any CPU.Build.0 = Release|Any CPU
		{03C730BC-FE10-4E25-9998-722E8B43942E}.Debug|Any CPU.ActiveCfg = Debug|Any CPU
		{03C730BC-FE10-4E25-9998-722E8B43942E}.Debug|Any CPU.Build.0 = Debug|Any CPU
		{03C730BC-FE10-4E25-9998-722E8B43942E}.Release|Any CPU.ActiveCfg = Release|Any CPU
		{03C730BC-FE10-4E25-9998-722E8B43942E}.Release|Any CPU.Build.0 = Release|Any CPU
	EndGlobalSection
	GlobalSection(SolutionProperties) = preSolution
		HideSolutionNode = FALSE
	EndGlobalSection
	GlobalSection(ExtensibilityGlobals) = postSolution
		SolutionGuid = {746723B1-9B53-4A3E-BA35-D7662E36D018}
	EndGlobalSection
EndGlobal
